
Microsoft Visual Studio Solution File, Format Version 12.00
# Visual Studio 14
VisualStudioVersion = 14.0.23107.0
MinimumVisualStudioVersion = 10.0.40219.1
Project("{FAE04EC0-301F-11D3-BF4B-00C04F79EFBC}") = "Pattern", "ConsoleApplication1\Pattern.csproj", "{0ED231F1-05F4-49AC-993A-E506F37D544F}"
EndProject
Project("{FAE04EC0-301F-11D3-BF4B-00C04F79EFBC}") = "PatternUse", "First_use\PatternUse.csproj", "{175795FD-9266-4746-B520-E76804BCA5BD}"
EndProject
Project("{FAE04EC0-301F-11D3-BF4B-00C04F79EFBC}") = "MathProblem", "Calculator\MathProblem.csproj", "{9561FD16-77DD-4C8B-8536-7F27B6535B8B}"
EndProject
Global
	GlobalSection(SolutionConfigurationPlatforms) = preSolution
		Debug|Any CPU = Debug|Any CPU
		Release|Any CPU = Release|Any CPU
	EndGlobalSection
	GlobalSection(ProjectConfigurationPlatforms) = postSolution
		{0ED231F1-05F4-49AC-993A-E506F37D544F}.Debug|Any CPU.ActiveCfg = Debug|Any CPU
		{0ED231F1-05F4-49AC-993A-E506F37D544F}.Debug|Any CPU.Build.0 = Debug|Any CPU
		{0ED231F1-05F4-49AC-993A-E506F37D544F}.Release|Any CPU.ActiveCfg = Release|Any CPU
		{0ED231F1-05F4-49AC-993A-E506F37D544F}.Release|Any CPU.Build.0 = Release|Any CPU
		{175795FD-9266-4746-B520-E76804BCA5BD}.Debug|Any CPU.ActiveCfg = Debug|Any CPU
		{175795FD-9266-4746-B520-E76804BCA5BD}.Debug|Any CPU.Build.0 = Debug|Any CPU
		{175795FD-9266-4746-B520-E76804BCA5BD}.Release|Any CPU.ActiveCfg = Release|Any CPU
		{175795FD-9266-4746-B520-E76804BCA5BD}.Release|Any CPU.Build.0 = Release|Any CPU
		{9561FD16-77DD-4C8B-8536-7F27B6535B8B}.Debug|Any CPU.ActiveCfg = Debug|Any CPU
		{9561FD16-77DD-4C8B-8536-7F27B6535B8B}.Debug|Any CPU.Build.0 = Debug|Any CPU
		{9561FD16-77DD-4C8B-8536-7F27B6535B8B}.Release|Any CPU.ActiveCfg = Release|Any CPU
		{9561FD16-77DD-4C8B-8536-7F27B6535B8B}.Release|Any CPU.Build.0 = Release|Any CPU
	EndGlobalSection
	GlobalSection(SolutionProperties) = preSolution
		HideSolutionNode = FALSE
	EndGlobalSection
EndGlobal
